
Microsoft Visual Studio Solution File, Format Version 12.00
Project("{FAE04EC0-301F-11D3-BF4B-00C04F79EFBC}") = "TestTask.Application", "TestTask.Application\TestTask.Application.csproj", "{C31B8E67-3272-45E0-9F3E-2E4247DE2519}"
EndProject
Project("{FAE04EC0-301F-11D3-BF4B-00C04F79EFBC}") = "UnitTestsServices", "UnitTestsServices\UnitTestsServices.csproj", "{40B083A0-02D2-48F5-B9AA-F08CA06D4A9C}"
EndProject
Global
	GlobalSection(SolutionConfigurationPlatforms) = preSolution
		Debug|Any CPU = Debug|Any CPU
		Release|Any CPU = Release|Any CPU
	EndGlobalSection
	GlobalSection(ProjectConfigurationPlatforms) = postSolution
		{C31B8E67-3272-45E0-9F3E-2E4247DE2519}.Debug|Any CPU.ActiveCfg = Debug|Any CPU
		{C31B8E67-3272-45E0-9F3E-2E4247DE2519}.Debug|Any CPU.Build.0 = Debug|Any CPU
		{C31B8E67-3272-45E0-9F3E-2E4247DE2519}.Release|Any CPU.ActiveCfg = Release|Any CPU
		{C31B8E67-3272-45E0-9F3E-2E4247DE2519}.Release|Any CPU.Build.0 = Release|Any CPU
		{40B083A0-02D2-48F5-B9AA-F08CA06D4A9C}.Debug|Any CPU.ActiveCfg = Debug|Any CPU
		{40B083A0-02D2-48F5-B9AA-F08CA06D4A9C}.Debug|Any CPU.Build.0 = Debug|Any CPU
		{40B083A0-02D2-48F5-B9AA-F08CA06D4A9C}.Release|Any CPU.ActiveCfg = Release|Any CPU
		{40B083A0-02D2-48F5-B9AA-F08CA06D4A9C}.Release|Any CPU.Build.0 = Release|Any CPU
	EndGlobalSection
EndGlobal
